
Microsoft Visual Studio Solution File, Format Version 12.00
# Visual Studio Version 16
VisualStudioVersion = 16.0.31313.79
MinimumVisualStudioVersion = 10.0.40219.1
Project("{9A19103F-16F7-4668-BE54-9A1E7A4F7556}") = "Application.Core", "Application.Core\Application.Core.csproj", "{BA97845C-5AA1-4A8F-B7FE-BE608629ACB0}"
EndProject
Project("{9A19103F-16F7-4668-BE54-9A1E7A4F7556}") = "Application.Core.Test", "Application.Core.Test\Application.Core.Test.csproj", "{3FF81FE1-306A-4C8D-94E9-8E29CB396DEF}"
EndProject
Project("{2150E333-8FDC-42A3-9474-1A3956D46DE8}") = "Solution Items", "Solution Items", "{C2775DE1-575D-47BF-B62C-D7DCC253EE6C}"
	ProjectSection(SolutionItems) = preProject
		Readme.txt = Readme.txt
	EndProjectSection
EndProject
Global
	GlobalSection(SolutionConfigurationPlatforms) = preSolution
		Debug|Any CPU = Debug|Any CPU
		Release|Any CPU = Release|Any CPU
	EndGlobalSection
	GlobalSection(ProjectConfigurationPlatforms) = postSolution
		{BA97845C-5AA1-4A8F-B7FE-BE608629ACB0}.Debug|Any CPU.ActiveCfg = Debug|Any CPU
		{BA97845C-5AA1-4A8F-B7FE-BE608629ACB0}.Debug|Any CPU.Build.0 = Debug|Any CPU
		{BA97845C-5AA1-4A8F-B7FE-BE608629ACB0}.Release|Any CPU.ActiveCfg = Release|Any CPU
		{BA97845C-5AA1-4A8F-B7FE-BE608629ACB0}.Release|Any CPU.Build.0 = Release|Any CPU
		{3FF81FE1-306A-4C8D-94E9-8E29CB396DEF}.Debug|Any CPU.ActiveCfg = Debug|Any CPU
		{3FF81FE1-306A-4C8D-94E9-8E29CB396DEF}.Debug|Any CPU.Build.0 = Debug|Any CPU
		{3FF81FE1-306A-4C8D-94E9-8E29CB396DEF}.Release|Any CPU.ActiveCfg = Release|Any CPU
		{3FF81FE1-306A-4C8D-94E9-8E29CB396DEF}.Release|Any CPU.Build.0 = Release|Any CPU
	EndGlobalSection
	GlobalSection(SolutionProperties) = preSolution
		HideSolutionNode = FALSE
	EndGlobalSection
	GlobalSection(ExtensibilityGlobals) = postSolution
		SolutionGuid = {F77134F8-8C6B-43C0-B941-17CDBB2EED5D}
	EndGlobalSection
EndGlobal
